
Microsoft Visual Studio Solution File, Format Version 12.00
#
Project("{2150E333-8FDC-42A3-9474-1A3956D46DE8}") = "tests", "tests", "{870D1982-EA09-404F-8DC9-3FF548762855}"
EndProject
Project("{FAE04EC0-301F-11D3-BF4B-00C04F79EFBC}") = "CleanForests.UnitTests", "tests\CleanForests.UnitTests\CleanForests.UnitTests.csproj", "{8C147A29-8DFE-4736-8ABE-86E76D50BA6A}"
EndProject
Project("{2150E333-8FDC-42A3-9474-1A3956D46DE8}") = "src", "src", "{926597D8-566C-45C9-9AC4-25F2A4489BC5}"
EndProject
Project("{FAE04EC0-301F-11D3-BF4B-00C04F79EFBC}") = "Domain", "src\Domain\Domain.csproj", "{53D52234-630E-4BBB-8F2E-374358F1C8AE}"
EndProject
Project("{FAE04EC0-301F-11D3-BF4B-00C04F79EFBC}") = "Application", "src\Application\Application.csproj", "{CE0A3784-0EFB-438F-B730-F2DA73993F2C}"
EndProject
Project("{FAE04EC0-301F-11D3-BF4B-00C04F79EFBC}") = "Infrastructure", "src\Infrastructure\Infrastructure.csproj", "{4DCF612E-16E2-48B7-B704-87D6ACD72177}"
EndProject
Project("{FAE04EC0-301F-11D3-BF4B-00C04F79EFBC}") = "Presentation", "src\Presentation\Presentation.csproj", "{4A1F08B8-FA64-421C-9F02-3AC2E7F8BEA8}"
EndProject
Project("{FAE04EC0-301F-11D3-BF4B-00C04F79EFBC}") = "WebAPI", "src\WebAPI\WebAPI.csproj", "{A0C36319-BD64-48C6-9DEC-904923C1BC9F}"
EndProject
Project("{FAE04EC0-301F-11D3-BF4B-00C04F79EFBC}") = "CleanForests.IntegrationTests", "tests\CleanForests.IntegrationTests\CleanForests.IntegrationTests.csproj", "{31175DC3-EC9A-4398-8A19-E36FB4CCA2C5}"
EndProject
Global
	GlobalSection(SolutionConfigurationPlatforms) = preSolution
		Debug|Any CPU = Debug|Any CPU
		Release|Any CPU = Release|Any CPU
	EndGlobalSection
	GlobalSection(ProjectConfigurationPlatforms) = postSolution
		{8C147A29-8DFE-4736-8ABE-86E76D50BA6A}.Debug|Any CPU.ActiveCfg = Debug|Any CPU
		{8C147A29-8DFE-4736-8ABE-86E76D50BA6A}.Debug|Any CPU.Build.0 = Debug|Any CPU
		{8C147A29-8DFE-4736-8ABE-86E76D50BA6A}.Release|Any CPU.ActiveCfg = Release|Any CPU
		{8C147A29-8DFE-4736-8ABE-86E76D50BA6A}.Release|Any CPU.Build.0 = Release|Any CPU
		{53D52234-630E-4BBB-8F2E-374358F1C8AE}.Debug|Any CPU.ActiveCfg = Debug|Any CPU
		{53D52234-630E-4BBB-8F2E-374358F1C8AE}.Debug|Any CPU.Build.0 = Debug|Any CPU
		{53D52234-630E-4BBB-8F2E-374358F1C8AE}.Release|Any CPU.ActiveCfg = Release|Any CPU
		{53D52234-630E-4BBB-8F2E-374358F1C8AE}.Release|Any CPU.Build.0 = Release|Any CPU
		{CE0A3784-0EFB-438F-B730-F2DA73993F2C}.Debug|Any CPU.ActiveCfg = Debug|Any CPU
		{CE0A3784-0EFB-438F-B730-F2DA73993F2C}.Debug|Any CPU.Build.0 = Debug|Any CPU
		{CE0A3784-0EFB-438F-B730-F2DA73993F2C}.Release|Any CPU.ActiveCfg = Release|Any CPU
		{CE0A3784-0EFB-438F-B730-F2DA73993F2C}.Release|Any CPU.Build.0 = Release|Any CPU
		{4DCF612E-16E2-48B7-B704-87D6ACD72177}.Debug|Any CPU.ActiveCfg = Debug|Any CPU
		{4DCF612E-16E2-48B7-B704-87D6ACD72177}.Debug|Any CPU.Build.0 = Debug|Any CPU
		{4DCF612E-16E2-48B7-B704-87D6ACD72177}.Release|Any CPU.ActiveCfg = Release|Any CPU
		{4DCF612E-16E2-48B7-B704-87D6ACD72177}.Release|Any CPU.Build.0 = Release|Any CPU
		{4A1F08B8-FA64-421C-9F02-3AC2E7F8BEA8}.Debug|Any CPU.ActiveCfg = Debug|Any CPU
		{4A1F08B8-FA64-421C-9F02-3AC2E7F8BEA8}.Debug|Any CPU.Build.0 = Debug|Any CPU
		{4A1F08B8-FA64-421C-9F02-3AC2E7F8BEA8}.Release|Any CPU.ActiveCfg = Release|Any CPU
		{4A1F08B8-FA64-421C-9F02-3AC2E7F8BEA8}.Release|Any CPU.Build.0 = Release|Any CPU
		{A0C36319-BD64-48C6-9DEC-904923C1BC9F}.Debug|Any CPU.ActiveCfg = Debug|Any CPU
		{A0C36319-BD64-48C6-9DEC-904923C1BC9F}.Debug|Any CPU.Build.0 = Debug|Any CPU
		{A0C36319-BD64-48C6-9DEC-904923C1BC9F}.Release|Any CPU.ActiveCfg = Release|Any CPU
		{A0C36319-BD64-48C6-9DEC-904923C1BC9F}.Release|Any CPU.Build.0 = Release|Any CPU
		{31175DC3-EC9A-4398-8A19-E36FB4CCA2C5}.Debug|Any CPU.ActiveCfg = Debug|Any CPU
		{31175DC3-EC9A-4398-8A19-E36FB4CCA2C5}.Debug|Any CPU.Build.0 = Debug|Any CPU
		{31175DC3-EC9A-4398-8A19-E36FB4CCA2C5}.Release|Any CPU.ActiveCfg = Release|Any CPU
		{31175DC3-EC9A-4398-8A19-E36FB4CCA2C5}.Release|Any CPU.Build.0 = Release|Any CPU
	EndGlobalSection
	GlobalSection(NestedProjects) = preSolution
		{8C147A29-8DFE-4736-8ABE-86E76D50BA6A} = {870D1982-EA09-404F-8DC9-3FF548762855}
		{53D52234-630E-4BBB-8F2E-374358F1C8AE} = {926597D8-566C-45C9-9AC4-25F2A4489BC5}
		{CE0A3784-0EFB-438F-B730-F2DA73993F2C} = {926597D8-566C-45C9-9AC4-25F2A4489BC5}
		{4DCF612E-16E2-48B7-B704-87D6ACD72177} = {926597D8-566C-45C9-9AC4-25F2A4489BC5}
		{4A1F08B8-FA64-421C-9F02-3AC2E7F8BEA8} = {926597D8-566C-45C9-9AC4-25F2A4489BC5}
		{A0C36319-BD64-48C6-9DEC-904923C1BC9F} = {926597D8-566C-45C9-9AC4-25F2A4489BC5}
		{31175DC3-EC9A-4398-8A19-E36FB4CCA2C5} = {870D1982-EA09-404F-8DC9-3FF548762855}
	EndGlobalSection
EndGlobal
